{
    "version": 3,
    "terraform_version": "0.11.10",
    "serial": 3,
    "lineage": "91b843e1-1ef2-49ee-cedb-eab979ea9328",
    "modules": [
        {
            "path": [
                "root"
            ],
            "outputs": {
                "app_external_ip": {
                    "sensitive": false,
                    "type": "list",
                    "value": [
                        "35.233.71.107"
                    ]
                }
            },
            "resources": {
                "google_compute_firewall.firewall_puma": {
                    "type": "google_compute_firewall",
                    "depends_on": [],
                    "primary": {
                        "id": "allow-puma-default",
                        "attributes": {
                            "allow.#": "1",
                            "allow.931060522.ports.#": "1",
                            "allow.931060522.ports.0": "9292",
                            "allow.931060522.protocol": "tcp",
                            "deny.#": "0",
                            "description": "",
                            "destination_ranges.#": "0",
                            "id": "allow-puma-default",
                            "name": "allow-puma-default",
                            "network": "https://www.googleapis.com/compute/v1/projects/docker-224014/global/networks/default",
                            "priority": "1000",
                            "project": "docker-224014",
                            "self_link": "https://www.googleapis.com/compute/v1/projects/docker-224014/global/firewalls/allow-puma-default",
                            "source_ranges.#": "1",
                            "source_ranges.1080289494": "0.0.0.0/0",
                            "source_service_accounts.#": "0",
                            "source_tags.#": "0",
                            "target_service_accounts.#": "0",
                            "target_tags.#": "1",
                            "target_tags.1799682348": "reddit-app"
                        },
                        "meta": {
                            "schema_version": "1"
                        },
                        "tainted": false
                    },
                    "deposed": [],
                    "provider": "provider.google"
                },
                "google_compute_instance.app": {
                    "type": "google_compute_instance",
                    "depends_on": [],
                    "primary": {
                        "id": "reddit-docker-1",
                        "attributes": {
                            "attached_disk.#": "0",
                            "boot_disk.#": "1",
                            "boot_disk.0.auto_delete": "true",
                            "boot_disk.0.device_name": "persistent-disk-0",
                            "boot_disk.0.disk_encryption_key_raw": "",
                            "boot_disk.0.disk_encryption_key_sha256": "",
                            "boot_disk.0.initialize_params.#": "1",
                            "boot_disk.0.initialize_params.0.image": "docker-reddit",
                            "boot_disk.0.initialize_params.0.size": "0",
                            "boot_disk.0.initialize_params.0.type": "",
                            "boot_disk.0.source": "https://www.googleapis.com/compute/v1/projects/docker-224014/zones/europe-west1-b/disks/reddit-docker-1",
                            "can_ip_forward": "false",
                            "cpu_platform": "Intel Sandy Bridge",
                            "create_timeout": "4",
                            "guest_accelerator.#": "0",
                            "id": "reddit-docker-1",
                            "instance_id": "2816762348023929252",
                            "label_fingerprint": "42WmSpB8rSM=",
                            "machine_type": "g1-small",
                            "metadata.%": "1",
                            "metadata.ssh-keys": "appuser:ssh-rsa AAAAB3NzaC1yc2EAAAADAQABAAABAQDsGXrUaeZ3U3NMsZMIQTnRNPgqwER5fm90DRUxGfQdStumKZf2XZm3iJQ3jQpFjFR+eie+q0Hi9HTxz/dHdfHdx1vAItB/0Zf/fOtkSxAHsYvSyhPl/H5+RUV5PhXgTZojClblfoM5qM3TiWf05TUSUYVqqRsO8lMN9Riof3Rdi+8JF4tNRua0eRbzJjougETdyXWjEJKP5fIdk+x/lFeAClbHU8ZB1THEnJhNooo8zQ9CyhQVb+d3L3GGYL4SuRW70RKms1S6LjcjP10kqOlPKGk4NDndHa3WMRf4gMDJlrcJctrcyAvrihPP3OHGv//PHSeMKnGKsD7415lV0PCn\n",
                            "metadata_fingerprint": "BiOjrkJ3VkA=",
                            "min_cpu_platform": "",
                            "name": "reddit-docker-1",
                            "network_interface.#": "1",
                            "network_interface.0.access_config.#": "1",
                            "network_interface.0.access_config.0.assigned_nat_ip": "35.233.71.107",
                            "network_interface.0.access_config.0.nat_ip": "35.233.71.107",
                            "network_interface.0.address": "10.132.0.3",
                            "network_interface.0.alias_ip_range.#": "0",
                            "network_interface.0.name": "nic0",
                            "network_interface.0.network": "https://www.googleapis.com/compute/v1/projects/docker-224014/global/networks/default",
                            "network_interface.0.network_ip": "10.132.0.3",
                            "network_interface.0.subnetwork": "https://www.googleapis.com/compute/v1/projects/docker-224014/regions/europe-west1/subnetworks/default",
                            "network_interface.0.subnetwork_project": "docker-224014",
                            "project": "docker-224014",
                            "scheduling.#": "1",
                            "scheduling.0.automatic_restart": "true",
                            "scheduling.0.on_host_maintenance": "MIGRATE",
                            "scheduling.0.preemptible": "false",
                            "scratch_disk.#": "0",
                            "self_link": "https://www.googleapis.com/compute/v1/projects/docker-224014/zones/europe-west1-b/instances/reddit-docker-1",
                            "service_account.#": "0",
                            "tags.#": "1",
                            "tags.1799682348": "reddit-app",
                            "tags_fingerprint": "M-ggixIz-AU=",
                            "zone": "europe-west1-b"
                        },
                        "meta": {
                            "schema_version": "6"
                        },
                        "tainted": false
                    },
                    "deposed": [],
                    "provider": "provider.google"
                }
            },
            "depends_on": []
        }
    ]
}
